# This file is generated by running "yarn install" inside your project.
# Manual changes might be lost - proceed with caution!

__metadata:
  version: 6
  cacheKey: 8

"@esbuild/aix-ppc64@npm:0.24.2":
  version: 0.24.2
  resolution: "@esbuild/aix-ppc64@npm:0.24.2"
  conditions: os=aix & cpu=ppc64
  languageName: node
  linkType: hard

"@esbuild/android-arm64@npm:0.24.2":
  version: 0.24.2
  resolution: "@esbuild/android-arm64@npm:0.24.2"
  conditions: os=android & cpu=arm64
  languageName: node
  linkType: hard

"@esbuild/android-arm@npm:0.24.2":
  version: 0.24.2
  resolution: "@esbuild/android-arm@npm:0.24.2"
  conditions: os=android & cpu=arm
  languageName: node
  linkType: hard

"@esbuild/android-x64@npm:0.24.2":
  version: 0.24.2
  resolution: "@esbuild/android-x64@npm:0.24.2"
  conditions: os=android & cpu=x64
  languageName: node
  linkType: hard

"@esbuild/darwin-arm64@npm:0.24.2":
  version: 0.24.2
  resolution: "@esbuild/darwin-arm64@npm:0.24.2"
  conditions: os=darwin & cpu=arm64
  languageName: node
  linkType: hard

"@esbuild/darwin-x64@npm:0.24.2":
  version: 0.24.2
  resolution: "@esbuild/darwin-x64@npm:0.24.2"
  conditions: os=darwin & cpu=x64
  languageName: node
  linkType: hard

"@esbuild/freebsd-arm64@npm:0.24.2":
  version: 0.24.2
  resolution: "@esbuild/freebsd-arm64@npm:0.24.2"
  conditions: os=freebsd & cpu=arm64
  languageName: node
  linkType: hard

"@esbuild/freebsd-x64@npm:0.24.2":
  version: 0.24.2
  resolution: "@esbuild/freebsd-x64@npm:0.24.2"
  conditions: os=freebsd & cpu=x64
  languageName: node
  linkType: hard

"@esbuild/linux-arm64@npm:0.24.2":
  version: 0.24.2
  resolution: "@esbuild/linux-arm64@npm:0.24.2"
  conditions: os=linux & cpu=arm64
  languageName: node
  linkType: hard

"@esbuild/linux-arm@npm:0.24.2":
  version: 0.24.2
  resolution: "@esbuild/linux-arm@npm:0.24.2"
  conditions: os=linux & cpu=arm
  languageName: node
  linkType: hard

"@esbuild/linux-ia32@npm:0.24.2":
  version: 0.24.2
  resolution: "@esbuild/linux-ia32@npm:0.24.2"
  conditions: os=linux & cpu=ia32
  languageName: node
  linkType: hard

"@esbuild/linux-loong64@npm:0.24.2":
  version: 0.24.2
  resolution: "@esbuild/linux-loong64@npm:0.24.2"
  conditions: os=linux & cpu=loong64
  languageName: node
  linkType: hard

"@esbuild/linux-mips64el@npm:0.24.2":
  version: 0.24.2
  resolution: "@esbuild/linux-mips64el@npm:0.24.2"
  conditions: os=linux & cpu=mips64el
  languageName: node
  linkType: hard

"@esbuild/linux-ppc64@npm:0.24.2":
  version: 0.24.2
  resolution: "@esbuild/linux-ppc64@npm:0.24.2"
  conditions: os=linux & cpu=ppc64
  languageName: node
  linkType: hard

"@esbuild/linux-riscv64@npm:0.24.2":
  version: 0.24.2
  resolution: "@esbuild/linux-riscv64@npm:0.24.2"
  conditions: os=linux & cpu=riscv64
  languageName: node
  linkType: hard

"@esbuild/linux-s390x@npm:0.24.2":
  version: 0.24.2
  resolution: "@esbuild/linux-s390x@npm:0.24.2"
  conditions: os=linux & cpu=s390x
  languageName: node
  linkType: hard

"@esbuild/linux-x64@npm:0.24.2":
  version: 0.24.2
  resolution: "@esbuild/linux-x64@npm:0.24.2"
  conditions: os=linux & cpu=x64
  languageName: node
  linkType: hard

"@esbuild/netbsd-arm64@npm:0.24.2":
  version: 0.24.2
  resolution: "@esbuild/netbsd-arm64@npm:0.24.2"
  conditions: os=netbsd & cpu=arm64
  languageName: node
  linkType: hard

"@esbuild/netbsd-x64@npm:0.24.2":
  version: 0.24.2
  resolution: "@esbuild/netbsd-x64@npm:0.24.2"
  conditions: os=netbsd & cpu=x64
  languageName: node
  linkType: hard

"@esbuild/openbsd-arm64@npm:0.24.2":
  version: 0.24.2
  resolution: "@esbuild/openbsd-arm64@npm:0.24.2"
  conditions: os=openbsd & cpu=arm64
  languageName: node
  linkType: hard

"@esbuild/openbsd-x64@npm:0.24.2":
  version: 0.24.2
  resolution: "@esbuild/openbsd-x64@npm:0.24.2"
  conditions: os=openbsd & cpu=x64
  languageName: node
  linkType: hard

"@esbuild/sunos-x64@npm:0.24.2":
  version: 0.24.2
  resolution: "@esbuild/sunos-x64@npm:0.24.2"
  conditions: os=sunos & cpu=x64
  languageName: node
  linkType: hard

"@esbuild/win32-arm64@npm:0.24.2":
  version: 0.24.2
  resolution: "@esbuild/win32-arm64@npm:0.24.2"
  conditions: os=win32 & cpu=arm64
  languageName: node
  linkType: hard

"@esbuild/win32-ia32@npm:0.24.2":
  version: 0.24.2
  resolution: "@esbuild/win32-ia32@npm:0.24.2"
  conditions: os=win32 & cpu=ia32
  languageName: node
  linkType: hard

"@esbuild/win32-x64@npm:0.24.2":
  version: 0.24.2
  resolution: "@esbuild/win32-x64@npm:0.24.2"
  conditions: os=win32 & cpu=x64
  languageName: node
  linkType: hard

"detect-browser@npm:^5.3.0":
  version: 5.3.0
  resolution: "detect-browser@npm:5.3.0"
  checksum: dd6e08d55da1d9e0f22510ac79872078ae03d9dfa13c5e66c96baedc1c86567345a88f96949161f6be8f3e0fafa93bf179bdb1cd311b14f5f163112fcc70ab49
  languageName: node
  linkType: hard

"esbuild@npm:^0.24.2":
  version: 0.24.2
  resolution: "esbuild@npm:0.24.2"
  dependencies:
    "@esbuild/aix-ppc64": 0.24.2
    "@esbuild/android-arm": 0.24.2
    "@esbuild/android-arm64": 0.24.2
    "@esbuild/android-x64": 0.24.2
    "@esbuild/darwin-arm64": 0.24.2
    "@esbuild/darwin-x64": 0.24.2
    "@esbuild/freebsd-arm64": 0.24.2
    "@esbuild/freebsd-x64": 0.24.2
    "@esbuild/linux-arm": 0.24.2
    "@esbuild/linux-arm64": 0.24.2
    "@esbuild/linux-ia32": 0.24.2
    "@esbuild/linux-loong64": 0.24.2
    "@esbuild/linux-mips64el": 0.24.2
    "@esbuild/linux-ppc64": 0.24.2
    "@esbuild/linux-riscv64": 0.24.2
    "@esbuild/linux-s390x": 0.24.2
    "@esbuild/linux-x64": 0.24.2
    "@esbuild/netbsd-arm64": 0.24.2
    "@esbuild/netbsd-x64": 0.24.2
    "@esbuild/openbsd-arm64": 0.24.2
    "@esbuild/openbsd-x64": 0.24.2
    "@esbuild/sunos-x64": 0.24.2
    "@esbuild/win32-arm64": 0.24.2
    "@esbuild/win32-ia32": 0.24.2
    "@esbuild/win32-x64": 0.24.2
  dependenciesMeta:
    "@esbuild/aix-ppc64":
      optional: true
    "@esbuild/android-arm":
      optional: true
    "@esbuild/android-arm64":
      optional: true
    "@esbuild/android-x64":
      optional: true
    "@esbuild/darwin-arm64":
      optional: true
    "@esbuild/darwin-x64":
      optional: true
    "@esbuild/freebsd-arm64":
      optional: true
    "@esbuild/freebsd-x64":
      optional: true
    "@esbuild/linux-arm":
      optional: true
    "@esbuild/linux-arm64":
      optional: true
    "@esbuild/linux-ia32":
      optional: true
    "@esbuild/linux-loong64":
      optional: true
    "@esbuild/linux-mips64el":
      optional: true
    "@esbuild/linux-ppc64":
      optional: true
    "@esbuild/linux-riscv64":
      optional: true
    "@esbuild/linux-s390x":
      optional: true
    "@esbuild/linux-x64":
      optional: true
    "@esbuild/netbsd-arm64":
      optional: true
    "@esbuild/netbsd-x64":
      optional: true
    "@esbuild/openbsd-arm64":
      optional: true
    "@esbuild/openbsd-x64":
      optional: true
    "@esbuild/sunos-x64":
      optional: true
    "@esbuild/win32-arm64":
      optional: true
    "@esbuild/win32-ia32":
      optional: true
    "@esbuild/win32-x64":
      optional: true
  bin:
    esbuild: bin/esbuild
  checksum: e2303f8331887e31330b5a972fb9640ad93dfc5af76cb2156faa9eaa32bac5c403244096cbdafc45622829913e63664dfd88410987e3468df4354492f908a094
  languageName: node
  linkType: hard

"rizzit.io@workspace:.":
  version: 0.0.0-use.local
  resolution: "rizzit.io@workspace:."
  dependencies:
    detect-browser: ^5.3.0
    esbuild: ^0.24.2
  languageName: unknown
  linkType: soft
